version = 1
requires-python = ">=3.13"

[[package]]
name = "boto3"
version = "1.35.99"
source = { registry = "https://pypi.org/simple" }
dependencies = [
    { name = "botocore" },
    { name = "jmespath" },
    { name = "s3transfer" },
]
sdist = { url = "https://files.pythonhosted.org/packages/f7/99/3e8b48f15580672eda20f33439fc1622bd611f6238b6d05407320e1fb98c/boto3-1.35.99.tar.gz", hash = "sha256:e0abd794a7a591d90558e92e29a9f8837d25ece8e3c120e530526fe27eba5fca", size = 111028 }
wheels = [
    { url = "https://files.pythonhosted.org/packages/65/77/8bbca82f70b062181cf0ae53fd43f1ac6556f3078884bfef9da2269c06a3/boto3-1.35.99-py3-none-any.whl", hash = "sha256:83e560faaec38a956dfb3d62e05e1703ee50432b45b788c09e25107c5058bd71", size = 139178 },
]

[[package]]
name = "boto3-stubs"
version = "1.37.9"
source = { registry = "https://pypi.org/simple" }
dependencies = [
    { name = "botocore-stubs" },
    { name = "types-s3transfer" },
]
sdist = { url = "https://files.pythonhosted.org/packages/c3/25/069b0a87dc2273e7c28fbc6b1bad686257379a21b10cee897a9f5cef7dfb/boto3_stubs-1.37.9.tar.gz", hash = "sha256:988c329a48a1be33ff210e204108aeb6b25f206dd5356604d1706d7868a2ead0", size = 98864 }
wheels = [
    { url = "https://files.pythonhosted.org/packages/26/b0/985588f3d57d230fd91081b5ddb654cb2ca8813030145a4f45c59981d8d6/boto3_stubs-1.37.9-py3-none-any.whl", hash = "sha256:72eb2c4043b8aed8955de42aec09bc0daeffd77516cfdf79da25890c027f4ebb", size = 68391 },
]

[[package]]
name = "botocore"
version = "1.35.99"
source = { registry = "https://pypi.org/simple" }
dependencies = [
    { name = "jmespath" },
    { name = "python-dateutil" },
    { name = "urllib3" },
]
sdist = { url = "https://files.pythonhosted.org/packages/7c/9c/1df6deceee17c88f7170bad8325aa91452529d683486273928eecfd946d8/botocore-1.35.99.tar.gz", hash = "sha256:1eab44e969c39c5f3d9a3104a0836c24715579a455f12b3979a31d7cde51b3c3", size = 13490969 }
wheels = [
    { url = "https://files.pythonhosted.org/packages/fc/dd/d87e2a145fad9e08d0ec6edcf9d71f838ccc7acdd919acc4c0d4a93515f8/botocore-1.35.99-py3-none-any.whl", hash = "sha256:b22d27b6b617fc2d7342090d6129000af2efd20174215948c0d7ae2da0fab445", size = 13293216 },
]

[[package]]
name = "botocore-stubs"
version = "1.37.9"
source = { registry = "https://pypi.org/simple" }
dependencies = [
    { name = "types-awscrt" },
]
sdist = { url = "https://files.pythonhosted.org/packages/f8/de/f819c3aad257f499cf8848ee492048285c5d22cac69c89a58a79065ade7a/botocore_stubs-1.37.9.tar.gz", hash = "sha256:cba0caaf9d5d15007c8a85cf1978d64ef8d69b62c33f4b3345e841dc489c9f96", size = 42141 }
wheels = [
    { url = "https://files.pythonhosted.org/packages/e3/ba/0c01baf5246d03ad5e46bc8dc294fdc2692fa8fa17459277d8ecd80ad461/botocore_stubs-1.37.9-py3-none-any.whl", hash = "sha256:429974afd8ecb881636da99ec3d6c779d9282ffb3174f021c71694c0afc1130c", size = 65371 },
]

[[package]]
name = "jmespath"
version = "1.0.1"
source = { registry = "https://pypi.org/simple" }
sdist = { url = "https://files.pythonhosted.org/packages/00/2a/e867e8531cf3e36b41201936b7fa7ba7b5702dbef42922193f05c8976cd6/jmespath-1.0.1.tar.gz", hash = "sha256:90261b206d6defd58fdd5e85f478bf633a2901798906be2ad389150c5c60edbe", size = 25843 }
wheels = [
    { url = "https://files.pythonhosted.org/packages/31/b4/b9b800c45527aadd64d5b442f9b932b00648617eb5d63d2c7a6587b7cafc/jmespath-1.0.1-py3-none-any.whl", hash = "sha256:02e2e4cc71b5bcab88332eebf907519190dd9e6e82107fa7f83b1003a6252980", size = 20256 },
]

[[package]]
name = "python-dateutil"
version = "2.9.0.post0"
source = { registry = "https://pypi.org/simple" }
dependencies = [
    { name = "six" },
]
sdist = { url = "https://files.pythonhosted.org/packages/66/c0/0c8b6ad9f17a802ee498c46e004a0eb49bc148f2fd230864601a86dcf6db/python-dateutil-2.9.0.post0.tar.gz", hash = "sha256:37dd54208da7e1cd875388217d5e00ebd4179249f90fb72437e91a35459a0ad3", size = 342432 }
wheels = [
    { url = "https://files.pythonhosted.org/packages/ec/57/56b9bcc3c9c6a792fcbaf139543cee77261f3651ca9da0c93f5c1221264b/python_dateutil-2.9.0.post0-py2.py3-none-any.whl", hash = "sha256:a8b2bc7bffae282281c8140a97d3aa9c14da0b136dfe83f850eea9a5f7470427", size = 229892 },
]

[[package]]
name = "radio-rumble-nyc"
version = "0.1.0"
source = { virtual = "." }
dependencies = [
    { name = "boto3" },
]

[package.dev-dependencies]
dev = [
    { name = "boto3-stubs" },
]

[package.metadata]
requires-dist = [{ name = "boto3", specifier = "==1.35.99" }]

[package.metadata.requires-dev]
dev = [{ name = "boto3-stubs", specifier = ">=1.37.9" }]

[[package]]
name = "s3transfer"
version = "0.10.4"
source = { registry = "https://pypi.org/simple" }
dependencies = [
    { name = "botocore" },
]
sdist = { url = "https://files.pythonhosted.org/packages/c0/0a/1cdbabf9edd0ea7747efdf6c9ab4e7061b085aa7f9bfc36bb1601563b069/s3transfer-0.10.4.tar.gz", hash = "sha256:29edc09801743c21eb5ecbc617a152df41d3c287f67b615f73e5f750583666a7", size = 145287 }
wheels = [
    { url = "https://files.pythonhosted.org/packages/66/05/7957af15543b8c9799209506df4660cba7afc4cf94bfb60513827e96bed6/s3transfer-0.10.4-py3-none-any.whl", hash = "sha256:244a76a24355363a68164241438de1b72f8781664920260c48465896b712a41e", size = 83175 },
]

[[package]]
name = "six"
version = "1.17.0"
source = { registry = "https://pypi.org/simple" }
sdist = { url = "https://files.pythonhosted.org/packages/94/e7/b2c673351809dca68a0e064b6af791aa332cf192da575fd474ed7d6f16a2/six-1.17.0.tar.gz", hash = "sha256:ff70335d468e7eb6ec65b95b99d3a2836546063f63acc5171de367e834932a81", size = 34031 }
wheels = [
    { url = "https://files.pythonhosted.org/packages/b7/ce/149a00dd41f10bc29e5921b496af8b574d8413afcd5e30dfa0ed46c2cc5e/six-1.17.0-py2.py3-none-any.whl", hash = "sha256:4721f391ed90541fddacab5acf947aa0d3dc7d27b2e1e8eda2be8970586c3274", size = 11050 },
]

[[package]]
name = "types-awscrt"
version = "0.23.10"
source = { registry = "https://pypi.org/simple" }
sdist = { url = "https://files.pythonhosted.org/packages/a3/53/7c69677327794fe91cc89a1362400b78f00b1a20364384da1e004c259d42/types_awscrt-0.23.10.tar.gz", hash = "sha256:965659260599b421564204b895467684104a2c0311bbacfd3c2423b8b0d3f3e9", size = 15455 }
wheels = [
    { url = "https://files.pythonhosted.org/packages/89/ad/3d7c9a8b972048f3987355e3e48da56eb9f3ed8e151113c3c973b43ad91e/types_awscrt-0.23.10-py3-none-any.whl", hash = "sha256:7391bf502f6093221e68da8fb6a2af7ec67a98d376c58d5b76cc3938f449d121", size = 19426 },
]

[[package]]
name = "types-s3transfer"
version = "0.11.4"
source = { registry = "https://pypi.org/simple" }
sdist = { url = "https://files.pythonhosted.org/packages/93/a9/440d8ba72a81bcf2cc5a56ef63f23b58ce93e7b9b62409697553bdcdd181/types_s3transfer-0.11.4.tar.gz", hash = "sha256:05fde593c84270f19fd053f0b1e08f5a057d7c5f036b9884e68fb8cd3041ac30", size = 14074 }
wheels = [
    { url = "https://files.pythonhosted.org/packages/d0/69/0b5ae42c3c33d31a32f7dcb9f35a3e327365360a6e4a2a7b491904bd38aa/types_s3transfer-0.11.4-py3-none-any.whl", hash = "sha256:2a76d92c07d4a3cb469e5343b2e7560e0b8078b2e03696a65407b8c44c861b61", size = 19516 },
]

[[package]]
name = "urllib3"
version = "2.3.0"
source = { registry = "https://pypi.org/simple" }
sdist = { url = "https://files.pythonhosted.org/packages/aa/63/e53da845320b757bf29ef6a9062f5c669fe997973f966045cb019c3f4b66/urllib3-2.3.0.tar.gz", hash = "sha256:f8c5449b3cf0861679ce7e0503c7b44b5ec981bec0d1d3795a07f1ba96f0204d", size = 307268 }
wheels = [
    { url = "https://files.pythonhosted.org/packages/c8/19/4ec628951a74043532ca2cf5d97b7b14863931476d117c471e8e2b1eb39f/urllib3-2.3.0-py3-none-any.whl", hash = "sha256:1cee9ad369867bfdbbb48b7dd50374c0967a0bb7710050facf0dd6911440e3df", size = 128369 },
]
